
Microsoft Visual Studio Solution File, Format Version 12.00
# Visual Studio Version 17
VisualStudioVersion = 17.8.34330.188
MinimumVisualStudioVersion = 10.0.40219.1
Project("{FAE04EC0-301F-11D3-BF4B-00C04F79EFBC}") = "BankProjectServerSide", "BankProjectServerSide.csproj", "{6A56A132-5EC5-4F1B-B454-55CD6D012075}"
EndProject
Project("{FAE04EC0-301F-11D3-BF4B-00C04F79EFBC}") = "DataAccesslayer-BankProjectServerSide", "..\DataAccesslayer-BankProjectServerSide\DataAccesslayer-BankProjectServerSide.csproj", "{304434F2-79A2-4852-8727-D13DAD7016A9}"
EndProject
Project("{FAE04EC0-301F-11D3-BF4B-00C04F79EFBC}") = "BussnesLayer-BankProjectServerSide", "..\BussnesLayer-BankProjectServerSide\BussnesLayer-BankProjectServerSide.csproj", "{141078D5-FD15-41C7-B8CF-4E298FC1A57B}"
EndProject
Global
	GlobalSection(SolutionConfigurationPlatforms) = preSolution
		Debug|Any CPU = Debug|Any CPU
		Release|Any CPU = Release|Any CPU
	EndGlobalSection
	GlobalSection(ProjectConfigurationPlatforms) = postSolution
		{6A56A132-5EC5-4F1B-B454-55CD6D012075}.Debug|Any CPU.ActiveCfg = Debug|Any CPU
		{6A56A132-5EC5-4F1B-B454-55CD6D012075}.Debug|Any CPU.Build.0 = Debug|Any CPU
		{6A56A132-5EC5-4F1B-B454-55CD6D012075}.Release|Any CPU.ActiveCfg = Release|Any CPU
		{6A56A132-5EC5-4F1B-B454-55CD6D012075}.Release|Any CPU.Build.0 = Release|Any CPU
		{304434F2-79A2-4852-8727-D13DAD7016A9}.Debug|Any CPU.ActiveCfg = Debug|Any CPU
		{304434F2-79A2-4852-8727-D13DAD7016A9}.Debug|Any CPU.Build.0 = Debug|Any CPU
		{304434F2-79A2-4852-8727-D13DAD7016A9}.Release|Any CPU.ActiveCfg = Release|Any CPU
		{304434F2-79A2-4852-8727-D13DAD7016A9}.Release|Any CPU.Build.0 = Release|Any CPU
		{141078D5-FD15-41C7-B8CF-4E298FC1A57B}.Debug|Any CPU.ActiveCfg = Debug|Any CPU
		{141078D5-FD15-41C7-B8CF-4E298FC1A57B}.Debug|Any CPU.Build.0 = Debug|Any CPU
		{141078D5-FD15-41C7-B8CF-4E298FC1A57B}.Release|Any CPU.ActiveCfg = Release|Any CPU
		{141078D5-FD15-41C7-B8CF-4E298FC1A57B}.Release|Any CPU.Build.0 = Release|Any CPU
	EndGlobalSection
	GlobalSection(SolutionProperties) = preSolution
		HideSolutionNode = FALSE
	EndGlobalSection
	GlobalSection(ExtensibilityGlobals) = postSolution
		SolutionGuid = {57C86DEA-6300-489F-B09B-78EF77633C7E}
	EndGlobalSection
EndGlobal
